{
  "name": "MCV",
  "lockfileVersion": 3,
  "requires": true,
  "packages": {
    "": {
      "dependencies": {
        "sweetalert2": "^11.7.8"
      }
    },
    "node_modules/sweetalert2": {
      "version": "11.7.8",
      "resolved": "https://registry.npmjs.org/sweetalert2/-/sweetalert2-11.7.8.tgz",
      "integrity": "sha512-s6WMsK0DogOZ2fj21tM5LjeBcQm7sPf+Z0sksxhZFs9HeIKAnLz8NMeIIOgcB/wS7/ZzP95d3jxzE6FbSau6eA==",
      "funding": {
        "type": "individual",
        "url": "https://github.com/sponsors/limonte"
      }
    }
  }
}
